# This file is automatically @generated by Cargo.
# It is not intended for manual editing.
version = 4

[[package]]
name = "variaxiom-cli"
version = "0.1.0-alpha.0"
dependencies = [
 "variaxiom-kernel",
 "variaxiom-protocol",
]

[[package]]
name = "variaxiom-kernel"
version = "0.1.0-alpha.0"
dependencies = [
 "variaxiom-protocol",
]

[[package]]
name = "variaxiom-protocol"
version = "0.1.0-alpha.0"
